# This file was autogenerated by uv via the following command:
#    uv pip compile pyproject.toml --extra dev --universal -o requirements.lock
aiosqlite==0.22.1
    # via ai-analyst-trading-bot (pyproject.toml)
alembic==1.18.4
    # via ai-analyst-trading-bot (pyproject.toml)
annotated-doc==0.0.4
    # via
    #   fastapi
    #   typer
annotated-types==0.7.0
    # via pydantic
anthropic==0.104.1
    # via ai-analyst-trading-bot (pyproject.toml)
anyio==4.13.0
    # via
    #   anthropic
    #   google-genai
    #   httpx
    #   mcp
    #   openai
    #   sse-starlette
    #   starlette
    #   watchfiles
apscheduler==3.11.2
    # via ai-analyst-trading-bot (pyproject.toml)
ast-serialize==0.5.0
    # via mypy
asyncpg==0.31.0
    # via ai-analyst-trading-bot (pyproject.toml)
attrs==26.1.0
    # via
    #   jsonschema
    #   referencing
babel==2.18.0
    # via courlan
beautifulsoup4==4.14.3
    # via ai-analyst-trading-bot (pyproject.toml)
certifi==2026.5.20
    # via
    #   httpcore
    #   httpx
    #   requests
    #   trafilatura
cffi==2.0.0 ; platform_python_implementation != 'PyPy'
    # via cryptography
charset-normalizer==3.4.7
    # via
    #   htmldate
    #   requests
    #   trafilatura
click==8.4.1
    # via uvicorn
colorama==0.4.6 ; sys_platform == 'win32'
    # via
    #   click
    #   pytest
    #   tqdm
    #   typer
    #   uvicorn
courlan==1.3.2
    # via trafilatura
coverage==7.14.1
    # via pytest-cov
cryptography==48.0.0
    # via
    #   google-auth
    #   pyjwt
dateparser==1.4.0
    # via htmldate
defusedxml==0.7.1
    # via youtube-transcript-api
distro==1.9.0
    # via
    #   anthropic
    #   google-genai
    #   openai
docstring-parser==0.18.0
    # via anthropic
duckdb==1.5.3
    # via ai-analyst-trading-bot (pyproject.toml)
factory-boy==3.3.3
    # via ai-analyst-trading-bot (pyproject.toml)
faker==40.19.1
    # via factory-boy
fastapi==0.136.1
    # via ai-analyst-trading-bot (pyproject.toml)
feedparser==6.0.12
    # via ai-analyst-trading-bot (pyproject.toml)
freezegun==1.5.5
    # via ai-analyst-trading-bot (pyproject.toml)
google-auth==2.53.0
    # via google-genai
google-genai==2.6.0
    # via ai-analyst-trading-bot (pyproject.toml)
greenlet==3.5.1 ; platform_machine == 'AMD64' or platform_machine == 'WIN32' or platform_machine == 'aarch64' or platform_machine == 'amd64' or platform_machine == 'ppc64le' or platform_machine == 'win32' or platform_machine == 'x86_64'
    # via sqlalchemy
h11==0.16.0
    # via
    #   httpcore
    #   uvicorn
htmldate==1.9.4
    # via trafilatura
httpcore==1.0.9
    # via httpx
httptools==0.8.0
    # via uvicorn
httpx==0.28.1
    # via
    #   ai-analyst-trading-bot (pyproject.toml)
    #   anthropic
    #   google-genai
    #   mcp
    #   openai
httpx-sse==0.4.3
    # via mcp
hypothesis==6.153.6
    # via ai-analyst-trading-bot (pyproject.toml)
idna==3.16
    # via
    #   anyio
    #   httpx
    #   requests
iniconfig==2.3.0
    # via pytest
jiter==0.15.0
    # via
    #   anthropic
    #   openai
jsonschema==4.26.0
    # via
    #   ai-analyst-trading-bot (pyproject.toml)
    #   mcp
jsonschema-specifications==2025.9.1
    # via jsonschema
justext==3.0.2
    # via trafilatura
langdetect==1.0.9
    # via ai-analyst-trading-bot (pyproject.toml)
librt==0.11.0 ; platform_python_implementation != 'PyPy'
    # via mypy
lxml==6.1.1
    # via
    #   ai-analyst-trading-bot (pyproject.toml)
    #   htmldate
    #   justext
    #   lxml-html-clean
    #   trafilatura
lxml-html-clean==0.4.5
    # via lxml
mako==1.3.12
    # via
    #   ai-analyst-trading-bot (pyproject.toml)
    #   alembic
markdown-it-py==4.2.0
    # via rich
markupsafe==3.0.3
    # via mako
mcp==1.27.1
    # via ai-analyst-trading-bot (pyproject.toml)
mdurl==0.1.2
    # via markdown-it-py
mypy==2.1.0
    # via ai-analyst-trading-bot (pyproject.toml)
mypy-extensions==1.1.0
    # via mypy
openai==2.38.0
    # via ai-analyst-trading-bot (pyproject.toml)
packaging==26.2
    # via pytest
pathspec==1.1.1
    # via mypy
pluggy==1.6.0
    # via
    #   pytest
    #   pytest-cov
portalocker==3.2.0
    # via ai-analyst-trading-bot (pyproject.toml)
psutil==7.2.2
    # via ai-analyst-trading-bot (pyproject.toml)
psycopg2-binary==2.9.12
    # via ai-analyst-trading-bot (pyproject.toml)
pyaes==1.6.1
    # via telethon
pyasn1==0.6.3
    # via
    #   pyasn1-modules
    #   rsa
pyasn1-modules==0.4.2
    # via google-auth
pycparser==3.0 ; implementation_name != 'PyPy' and platform_python_implementation != 'PyPy'
    # via cffi
pydantic==2.13.4
    # via
    #   ai-analyst-trading-bot (pyproject.toml)
    #   anthropic
    #   fastapi
    #   google-genai
    #   mcp
    #   openai
    #   pydantic-settings
pydantic-core==2.46.4
    # via pydantic
pydantic-settings==2.14.1
    # via
    #   ai-analyst-trading-bot (pyproject.toml)
    #   mcp
pygments==2.20.0
    # via
    #   pytest
    #   rich
pyjwt==2.13.0
    # via mcp
pyotp==2.9.0
    # via ai-analyst-trading-bot (pyproject.toml)
pytest==9.0.3
    # via
    #   ai-analyst-trading-bot (pyproject.toml)
    #   pytest-asyncio
    #   pytest-cov
    #   pytest-mock
pytest-asyncio==1.4.0
    # via ai-analyst-trading-bot (pyproject.toml)
pytest-cov==7.1.0
    # via ai-analyst-trading-bot (pyproject.toml)
pytest-mock==3.15.1
    # via ai-analyst-trading-bot (pyproject.toml)
python-dateutil==2.9.0.post0
    # via
    #   ai-analyst-trading-bot (pyproject.toml)
    #   dateparser
    #   freezegun
    #   htmldate
python-dotenv==1.2.2
    # via
    #   ai-analyst-trading-bot (pyproject.toml)
    #   pydantic-settings
    #   uvicorn
python-multipart==0.0.29
    # via
    #   ai-analyst-trading-bot (pyproject.toml)
    #   mcp
pytz==2026.2
    # via dateparser
pywin32==311 ; sys_platform == 'win32'
    # via
    #   mcp
    #   portalocker
pyyaml==6.0.3
    # via
    #   ai-analyst-trading-bot (pyproject.toml)
    #   uvicorn
referencing==0.37.0
    # via
    #   jsonschema
    #   jsonschema-specifications
regex==2026.5.9
    # via
    #   dateparser
    #   tiktoken
requests==2.34.2
    # via
    #   google-auth
    #   google-genai
    #   tiktoken
    #   youtube-transcript-api
rich==15.0.0
    # via
    #   ai-analyst-trading-bot (pyproject.toml)
    #   typer
rpds-py==0.30.0
    # via
    #   jsonschema
    #   referencing
rsa==4.9.1
    # via telethon
ruff==0.15.14
    # via ai-analyst-trading-bot (pyproject.toml)
selectolax==0.4.10
    # via ai-analyst-trading-bot (pyproject.toml)
sgmllib3k==1.0.0
    # via feedparser
shellingham==1.5.4
    # via typer
six==1.17.0
    # via
    #   langdetect
    #   python-dateutil
sniffio==1.3.1
    # via
    #   anthropic
    #   google-genai
    #   openai
sortedcontainers==2.4.0
    # via hypothesis
soupsieve==2.8.4
    # via beautifulsoup4
sqlalchemy==2.0.50
    # via
    #   ai-analyst-trading-bot (pyproject.toml)
    #   alembic
sse-starlette==3.4.4
    # via mcp
starlette==1.1.0
    # via
    #   fastapi
    #   mcp
    #   sse-starlette
structlog==25.5.0
    # via ai-analyst-trading-bot (pyproject.toml)
telethon==1.43.2
    # via ai-analyst-trading-bot (pyproject.toml)
tenacity==9.1.4
    # via
    #   ai-analyst-trading-bot (pyproject.toml)
    #   google-genai
tiktoken==0.13.0
    # via ai-analyst-trading-bot (pyproject.toml)
tld==0.13.2
    # via courlan
tqdm==4.67.3
    # via openai
trafilatura==2.0.0
    # via ai-analyst-trading-bot (pyproject.toml)
typer==0.26.2
    # via ai-analyst-trading-bot (pyproject.toml)
typing-extensions==4.15.0
    # via
    #   alembic
    #   anthropic
    #   beautifulsoup4
    #   fastapi
    #   google-genai
    #   mcp
    #   mypy
    #   openai
    #   pydantic
    #   pydantic-core
    #   sqlalchemy
    #   typing-inspection
typing-inspection==0.4.2
    # via
    #   fastapi
    #   mcp
    #   pydantic
    #   pydantic-settings
tzdata==2026.2 ; sys_platform == 'win32'
    # via
    #   faker
    #   tzlocal
tzlocal==5.3.1
    # via
    #   apscheduler
    #   dateparser
urllib3==2.7.0
    # via
    #   courlan
    #   htmldate
    #   requests
    #   trafilatura
uvicorn==0.48.0
    # via
    #   ai-analyst-trading-bot (pyproject.toml)
    #   mcp
uvloop==0.22.1 ; platform_python_implementation != 'PyPy' and sys_platform != 'cygwin' and sys_platform != 'win32'
    # via uvicorn
watchfiles==1.2.0
    # via uvicorn
websockets==16.0
    # via
    #   google-genai
    #   uvicorn
youtube-transcript-api==1.2.4
    # via ai-analyst-trading-bot (pyproject.toml)
